
Microsoft Visual Studio Solution File, Format Version 12.00
# Visual Studio Version 17
VisualStudioVersion = 17.9.34616.47
MinimumVisualStudioVersion = 10.0.40219.1
Project("{FAE04EC0-301F-11D3-BF4B-00C04F79EFBC}") = "Interop.Word.ParseImageDocFIle", "Interop.Word.ParseImageDocFIle\Interop.Word.ParseImageDocFIle.csproj", "{F21B6289-CBBA-4467-939A-C47BE968FE1B}"
EndProject
Global
	GlobalSection(SolutionConfigurationPlatforms) = preSolution
		Debug|Any CPU = Debug|Any CPU
		Release|Any CPU = Release|Any CPU
	EndGlobalSection
	GlobalSection(ProjectConfigurationPlatforms) = postSolution
		{F21B6289-CBBA-4467-939A-C47BE968FE1B}.Debug|Any CPU.ActiveCfg = Debug|Any CPU
		{F21B6289-CBBA-4467-939A-C47BE968FE1B}.Debug|Any CPU.Build.0 = Debug|Any CPU
		{F21B6289-CBBA-4467-939A-C47BE968FE1B}.Release|Any CPU.ActiveCfg = Release|Any CPU
		{F21B6289-CBBA-4467-939A-C47BE968FE1B}.Release|Any CPU.Build.0 = Release|Any CPU
	EndGlobalSection
	GlobalSection(SolutionProperties) = preSolution
		HideSolutionNode = FALSE
	EndGlobalSection
	GlobalSection(ExtensibilityGlobals) = postSolution
		SolutionGuid = {A717194D-827A-4377-B126-77C4BBADC7DD}
	EndGlobalSection
EndGlobal
